
Microsoft Visual Studio Solution File, Format Version 12.00
# Visual Studio 15
Project("{FAE04EC0-301F-11D3-BF4B-00C04F79EFBC}") = "TestFrameSync", "TestFrameSync.csproj", "{DC0575D3-23E4-6893-FD1E-DC11AE52C07C}"
EndProject
Project("{FAE04EC0-301F-11D3-BF4B-00C04F79EFBC}") = "TestFrameSync.Editor", "TestFrameSync.Editor.csproj", "{64F037C4-63C2-D0B2-0CB8-63F1B210D1BB}"
EndProject
Global
	GlobalSection(SolutionConfigurationPlatforms) = preSolution
		Debug|Any CPU = Debug|Any CPU
		Release|Any CPU = Release|Any CPU
	EndGlobalSection
	GlobalSection(ProjectConfigurationPlatforms) = postSolution
		{DC0575D3-23E4-6893-FD1E-DC11AE52C07C}.Debug|Any CPU.ActiveCfg = Debug|Any CPU
		{DC0575D3-23E4-6893-FD1E-DC11AE52C07C}.Debug|Any CPU.Build.0 = Debug|Any CPU
		{DC0575D3-23E4-6893-FD1E-DC11AE52C07C}.Release|Any CPU.ActiveCfg = Release|Any CPU
		{DC0575D3-23E4-6893-FD1E-DC11AE52C07C}.Release|Any CPU.Build.0 = Release|Any CPU
		{64F037C4-63C2-D0B2-0CB8-63F1B210D1BB}.Debug|Any CPU.ActiveCfg = Debug|Any CPU
		{64F037C4-63C2-D0B2-0CB8-63F1B210D1BB}.Debug|Any CPU.Build.0 = Debug|Any CPU
		{64F037C4-63C2-D0B2-0CB8-63F1B210D1BB}.Release|Any CPU.ActiveCfg = Release|Any CPU
		{64F037C4-63C2-D0B2-0CB8-63F1B210D1BB}.Release|Any CPU.Build.0 = Release|Any CPU
	EndGlobalSection
	GlobalSection(SolutionProperties) = preSolution
		HideSolutionNode = FALSE
	EndGlobalSection
EndGlobal
